
Microsoft Visual Studio Solution File, Format Version 12.00
# Visual Studio 15
VisualStudioVersion = 15.0.28307.852
MinimumVisualStudioVersion = 10.0.40219.1
Project("{8BC9CEB8-8B4A-11D0-8D11-00A0C91BC942}") = "Algorithm7", "Algorithm7\Algorithm7.vcxproj", "{62163433-4E32-4593-9463-D2E2C7850414}"
EndProject
Global
	GlobalSection(SolutionConfigurationPlatforms) = preSolution
		Debug|x64 = Debug|x64
		Debug|x86 = Debug|x86
		Release|x64 = Release|x64
		Release|x86 = Release|x86
	EndGlobalSection
	GlobalSection(ProjectConfigurationPlatforms) = postSolution
		{62163433-4E32-4593-9463-D2E2C7850414}.Debug|x64.ActiveCfg = Debug|x64
		{62163433-4E32-4593-9463-D2E2C7850414}.Debug|x64.Build.0 = Debug|x64
		{62163433-4E32-4593-9463-D2E2C7850414}.Debug|x86.ActiveCfg = Debug|Win32
		{62163433-4E32-4593-9463-D2E2C7850414}.Debug|x86.Build.0 = Debug|Win32
		{62163433-4E32-4593-9463-D2E2C7850414}.Release|x64.ActiveCfg = Release|x64
		{62163433-4E32-4593-9463-D2E2C7850414}.Release|x64.Build.0 = Release|x64
		{62163433-4E32-4593-9463-D2E2C7850414}.Release|x86.ActiveCfg = Release|Win32
		{62163433-4E32-4593-9463-D2E2C7850414}.Release|x86.Build.0 = Release|Win32
	EndGlobalSection
	GlobalSection(SolutionProperties) = preSolution
		HideSolutionNode = FALSE
	EndGlobalSection
	GlobalSection(ExtensibilityGlobals) = postSolution
		SolutionGuid = {D2F21143-EE94-4BB4-AF55-CA3C29ECF776}
	EndGlobalSection
EndGlobal
